
Microsoft Visual Studio Solution File, Format Version 12.00
# Visual Studio Version 17
VisualStudioVersion = 17.13.35818.85 d17.13
MinimumVisualStudioVersion = 10.0.40219.1
Project("{FAE04EC0-301F-11D3-BF4B-00C04F79EFBC}") = "Soluvion", "Soluvion\Soluvion.csproj", "{752D24A5-AF9A-48EC-BCB9-13F8D9F949B6}"
EndProject
Global
	GlobalSection(SolutionConfigurationPlatforms) = preSolution
		Debug|Any CPU = Debug|Any CPU
		Release|Any CPU = Release|Any CPU
	EndGlobalSection
	GlobalSection(ProjectConfigurationPlatforms) = postSolution
		{752D24A5-AF9A-48EC-BCB9-13F8D9F949B6}.Debug|Any CPU.ActiveCfg = Debug|Any CPU
		{752D24A5-AF9A-48EC-BCB9-13F8D9F949B6}.Debug|Any CPU.Build.0 = Debug|Any CPU
		{752D24A5-AF9A-48EC-BCB9-13F8D9F949B6}.Release|Any CPU.ActiveCfg = Release|Any CPU
		{752D24A5-AF9A-48EC-BCB9-13F8D9F949B6}.Release|Any CPU.Build.0 = Release|Any CPU
	EndGlobalSection
	GlobalSection(SolutionProperties) = preSolution
		HideSolutionNode = FALSE
	EndGlobalSection
	GlobalSection(ExtensibilityGlobals) = postSolution
		SolutionGuid = {83AA5D36-5846-4490-B944-FDB3BC31D59D}
	EndGlobalSection
EndGlobal
